
Microsoft Visual Studio Solution File, Format Version 12.00
# Visual Studio Version 17
VisualStudioVersion = 17.4.33205.214
MinimumVisualStudioVersion = 10.0.40219.1
Project("{9A19103F-16F7-4668-BE54-9A1E7A4F7556}") = "UniversityApiBackend", "UniversityApiBackend\UniversityApiBackend.csproj", "{5C7B5D18-5856-46AC-BD4D-B779FA14BFE9}"
EndProject
Global
	GlobalSection(SolutionConfigurationPlatforms) = preSolution
		Debug|Any CPU = Debug|Any CPU
		Release|Any CPU = Release|Any CPU
	EndGlobalSection
	GlobalSection(ProjectConfigurationPlatforms) = postSolution
		{5C7B5D18-5856-46AC-BD4D-B779FA14BFE9}.Debug|Any CPU.ActiveCfg = Debug|Any CPU
		{5C7B5D18-5856-46AC-BD4D-B779FA14BFE9}.Debug|Any CPU.Build.0 = Debug|Any CPU
		{5C7B5D18-5856-46AC-BD4D-B779FA14BFE9}.Release|Any CPU.ActiveCfg = Release|Any CPU
		{5C7B5D18-5856-46AC-BD4D-B779FA14BFE9}.Release|Any CPU.Build.0 = Release|Any CPU
	EndGlobalSection
	GlobalSection(SolutionProperties) = preSolution
		HideSolutionNode = FALSE
	EndGlobalSection
	GlobalSection(ExtensibilityGlobals) = postSolution
		SolutionGuid = {C868FDCE-B645-4A10-9E6C-4A2BA5A02AA7}
	EndGlobalSection
EndGlobal
